PODS:
  - Comet (1.6.0)
  - MaLiang (2.0.0-beta-2)

DEPENDENCIES:
  - Comet
  - MaLiang (from `../`)

SPEC REPOS:
  https://github.com/cocoapods/specs.git:
    - Comet

EXTERNAL SOURCES:
  MaLiang:
    :path: "../"

SPEC CHECKSUMS:
  Comet: 733f05d16314a1155de99e9343cc984b01097725
  MaLiang: 5ad7121dbb1b82f9c385ac82fecda3973404f4c6

PODFILE CHECKSUM: 0b32958128915013b7781a5a791c89ae3a11f08c

COCOAPODS: 1.6.1
