// !$*UTF8*$!
{
	archiveVersion = 1;
	classes = {
	};
	objectVersion = 46;
	objects = {

/* Begin PBXBuildFile section */
		0E0F0103237C133C00C3076D /* MetalLibrary.swift in Sources */ = {isa = PBXBuildFile; fileRef = 0E0F0102237C133C00C3076D /* MetalLibrary.swift */; };
		OBJ_57 /* Brush.swift in Sources */ = {isa = PBXBuildFile; fileRef = OBJ_11 /* Brush.swift */; };
		OBJ_58 /* Eraser.swift in Sources */ = {isa = PBXBuildFile; fileRef = OBJ_12 /* Eraser.swift */; };
		OBJ_59 /* GlowingBrush.swift in Sources */ = {isa = PBXBuildFile; fileRef = OBJ_13 /* GlowingBrush.swift */; };
		OBJ_60 /* Printer.swift in Sources */ = {isa = PBXBuildFile; fileRef = OBJ_14 /* Printer.swift */; };
		OBJ_61 /* ActionObserver.swift in Sources */ = {isa = PBXBuildFile; fileRef = OBJ_16 /* ActionObserver.swift */; };
		OBJ_62 /* Canvas.swift in Sources */ = {isa = PBXBuildFile; fileRef = OBJ_17 /* Canvas.swift */; };
		OBJ_63 /* ScrollableCanvas.swift in Sources */ = {isa = PBXBuildFile; fileRef = OBJ_18 /* ScrollableCanvas.swift */; };
		OBJ_64 /* CanvasData.swift in Sources */ = {isa = PBXBuildFile; fileRef = OBJ_20 /* CanvasData.swift */; };
		OBJ_65 /* DataExporter.swift in Sources */ = {isa = PBXBuildFile; fileRef = OBJ_21 /* DataExporter.swift */; };
		OBJ_66 /* DataImporter.swift in Sources */ = {isa = PBXBuildFile; fileRef = OBJ_22 /* DataImporter.swift */; };
		OBJ_67 /* DataObserver.swift in Sources */ = {isa = PBXBuildFile; fileRef = OBJ_23 /* DataObserver.swift */; };
		OBJ_68 /* Document.swift in Sources */ = {isa = PBXBuildFile; fileRef = OBJ_24 /* Document.swift */; };
		OBJ_69 /* Chartlet.swift in Sources */ = {isa = PBXBuildFile; fileRef = OBJ_26 /* Chartlet.swift */; };
		OBJ_70 /* LineStrip.swift in Sources */ = {isa = PBXBuildFile; fileRef = OBJ_27 /* LineStrip.swift */; };
		OBJ_71 /* MLLine.swift in Sources */ = {isa = PBXBuildFile; fileRef = OBJ_28 /* MLLine.swift */; };
		OBJ_72 /* BezierGenerator.swift in Sources */ = {isa = PBXBuildFile; fileRef = OBJ_30 /* BezierGenerator.swift */; };
		OBJ_73 /* Maths.swift in Sources */ = {isa = PBXBuildFile; fileRef = OBJ_31 /* Maths.swift */; };
		OBJ_74 /* PaintingGestureRecognizer.swift in Sources */ = {isa = PBXBuildFile; fileRef = OBJ_32 /* PaintingGestureRecognizer.swift */; };
		OBJ_75 /* Utils.swift in Sources */ = {isa = PBXBuildFile; fileRef = OBJ_33 /* Utils.swift */; };
		OBJ_76 /* WeakObjectBox.swift in Sources */ = {isa = PBXBuildFile; fileRef = OBJ_34 /* WeakObjectBox.swift */; };
		OBJ_77 /* MLColor.swift in Sources */ = {isa = PBXBuildFile; fileRef = OBJ_36 /* MLColor.swift */; };
		OBJ_78 /* MLError.swift in Sources */ = {isa = PBXBuildFile; fileRef = OBJ_37 /* MLError.swift */; };
		OBJ_79 /* MLTexture.swift in Sources */ = {isa = PBXBuildFile; fileRef = OBJ_38 /* MLTexture.swift */; };
		OBJ_80 /* MetalView.swift in Sources */ = {isa = PBXBuildFile; fileRef = OBJ_39 /* MetalView.swift */; };
		OBJ_81 /* RenderTarget.swift in Sources */ = {isa = PBXBuildFile; fileRef = OBJ_40 /* RenderTarget.swift */; };
		OBJ_82 /* SnapshotTarget.swift in Sources */ = {isa = PBXBuildFile; fileRef = OBJ_41 /* SnapshotTarget.swift */; };
		OBJ_89 /* Package.swift in Sources */ = {isa = PBXBuildFile; fileRef = OBJ_6 /* Package.swift */; };
/* End PBXBuildFile section */

/* Begin PBXFileReference section */
		0E0F0102237C133C00C3076D /* MetalLibrary.swift */ = {isa = PBXFileReference; lastKnownFileType = sourcecode.swift; path = MetalLibrary.swift; sourceTree = "<group>"; };
		"MaLiang::MaLiang::Product" /* MaLiang.framework */ = {isa = PBXFileReference; lastKnownFileType = wrapper.framework; path = MaLiang.framework; sourceTree = BUILT_PRODUCTS_DIR; };
		OBJ_11 /* Brush.swift */ = {isa = PBXFileReference; lastKnownFileType = sourcecode.swift; path = Brush.swift; sourceTree = "<group>"; };
		OBJ_12 /* Eraser.swift */ = {isa = PBXFileReference; lastKnownFileType = sourcecode.swift; path = Eraser.swift; sourceTree = "<group>"; };
		OBJ_13 /* GlowingBrush.swift */ = {isa = PBXFileReference; lastKnownFileType = sourcecode.swift; path = GlowingBrush.swift; sourceTree = "<group>"; };
		OBJ_14 /* Printer.swift */ = {isa = PBXFileReference; lastKnownFileType = sourcecode.swift; path = Printer.swift; sourceTree = "<group>"; };
		OBJ_16 /* ActionObserver.swift */ = {isa = PBXFileReference; lastKnownFileType = sourcecode.swift; path = ActionObserver.swift; sourceTree = "<group>"; };
		OBJ_17 /* Canvas.swift */ = {isa = PBXFileReference; lastKnownFileType = sourcecode.swift; path = Canvas.swift; sourceTree = "<group>"; };
		OBJ_18 /* ScrollableCanvas.swift */ = {isa = PBXFileReference; lastKnownFileType = sourcecode.swift; path = ScrollableCanvas.swift; sourceTree = "<group>"; };
		OBJ_20 /* CanvasData.swift */ = {isa = PBXFileReference; lastKnownFileType = sourcecode.swift; path = CanvasData.swift; sourceTree = "<group>"; };
		OBJ_21 /* DataExporter.swift */ = {isa = PBXFileReference; lastKnownFileType = sourcecode.swift; path = DataExporter.swift; sourceTree = "<group>"; };
		OBJ_22 /* DataImporter.swift */ = {isa = PBXFileReference; lastKnownFileType = sourcecode.swift; path = DataImporter.swift; sourceTree = "<group>"; };
		OBJ_23 /* DataObserver.swift */ = {isa = PBXFileReference; lastKnownFileType = sourcecode.swift; path = DataObserver.swift; sourceTree = "<group>"; };
		OBJ_24 /* Document.swift */ = {isa = PBXFileReference; lastKnownFileType = sourcecode.swift; path = Document.swift; sourceTree = "<group>"; };
		OBJ_26 /* Chartlet.swift */ = {isa = PBXFileReference; lastKnownFileType = sourcecode.swift; path = Chartlet.swift; sourceTree = "<group>"; };
		OBJ_27 /* LineStrip.swift */ = {isa = PBXFileReference; lastKnownFileType = sourcecode.swift; path = LineStrip.swift; sourceTree = "<group>"; };
		OBJ_28 /* MLLine.swift */ = {isa = PBXFileReference; lastKnownFileType = sourcecode.swift; path = MLLine.swift; sourceTree = "<group>"; };
		OBJ_30 /* BezierGenerator.swift */ = {isa = PBXFileReference; lastKnownFileType = sourcecode.swift; path = BezierGenerator.swift; sourceTree = "<group>"; };
		OBJ_31 /* Maths.swift */ = {isa = PBXFileReference; lastKnownFileType = sourcecode.swift; path = Maths.swift; sourceTree = "<group>"; };
		OBJ_32 /* PaintingGestureRecognizer.swift */ = {isa = PBXFileReference; lastKnownFileType = sourcecode.swift; path = PaintingGestureRecognizer.swift; sourceTree = "<group>"; };
		OBJ_33 /* Utils.swift */ = {isa = PBXFileReference; lastKnownFileType = sourcecode.swift; path = Utils.swift; sourceTree = "<group>"; };
		OBJ_34 /* WeakObjectBox.swift */ = {isa = PBXFileReference; lastKnownFileType = sourcecode.swift; path = WeakObjectBox.swift; sourceTree = "<group>"; };
		OBJ_36 /* MLColor.swift */ = {isa = PBXFileReference; lastKnownFileType = sourcecode.swift; path = MLColor.swift; sourceTree = "<group>"; };
		OBJ_37 /* MLError.swift */ = {isa = PBXFileReference; lastKnownFileType = sourcecode.swift; path = MLError.swift; sourceTree = "<group>"; };
		OBJ_38 /* MLTexture.swift */ = {isa = PBXFileReference; lastKnownFileType = sourcecode.swift; path = MLTexture.swift; sourceTree = "<group>"; };
		OBJ_39 /* MetalView.swift */ = {isa = PBXFileReference; lastKnownFileType = sourcecode.swift; path = MetalView.swift; sourceTree = "<group>"; };
		OBJ_40 /* RenderTarget.swift */ = {isa = PBXFileReference; lastKnownFileType = sourcecode.swift; path = RenderTarget.swift; sourceTree = "<group>"; };
		OBJ_41 /* SnapshotTarget.swift */ = {isa = PBXFileReference; lastKnownFileType = sourcecode.swift; path = SnapshotTarget.swift; sourceTree = "<group>"; };
		OBJ_45 /* Images */ = {isa = PBXFileReference; lastKnownFileType = folder; path = Images; sourceTree = SOURCE_ROOT; };
		OBJ_46 /* Example */ = {isa = PBXFileReference; lastKnownFileType = folder; path = Example; sourceTree = SOURCE_ROOT; };
		OBJ_47 /* MaLiang */ = {isa = PBXFileReference; lastKnownFileType = folder; path = MaLiang; sourceTree = SOURCE_ROOT; };
		OBJ_48 /* LICENSE */ = {isa = PBXFileReference; lastKnownFileType = text; path = LICENSE; sourceTree = "<group>"; };
		OBJ_49 /* DONATE.md */ = {isa = PBXFileReference; lastKnownFileType = net.daringfireball.markdown; path = DONATE.md; sourceTree = "<group>"; };
		OBJ_50 /* README.md */ = {isa = PBXFileReference; lastKnownFileType = net.daringfireball.markdown; path = README.md; sourceTree = "<group>"; };
		OBJ_51 /* MaLiang.podspec */ = {isa = PBXFileReference; lastKnownFileType = text; path = MaLiang.podspec; sourceTree = "<group>"; };
		OBJ_6 /* Package.swift */ = {isa = PBXFileReference; explicitFileType = sourcecode.swift; path = Package.swift; sourceTree = "<group>"; };
/* End PBXFileReference section */

/* Begin PBXFrameworksBuildPhase section */
		OBJ_83 /* Frameworks */ = {
			isa = PBXFrameworksBuildPhase;
			buildActionMask = 0;
			files = (
			);
			runOnlyForDeploymentPostprocessing = 0;
		};
/* End PBXFrameworksBuildPhase section */

/* Begin PBXGroup section */
		OBJ_10 /* Brush */ = {
			isa = PBXGroup;
			children = (
				OBJ_11 /* Brush.swift */,
				OBJ_12 /* Eraser.swift */,
				OBJ_13 /* GlowingBrush.swift */,
				OBJ_14 /* Printer.swift */,
			);
			path = Brush;
			sourceTree = "<group>";
		};
		OBJ_15 /* Canvas */ = {
			isa = PBXGroup;
			children = (
				OBJ_16 /* ActionObserver.swift */,
				OBJ_17 /* Canvas.swift */,
				OBJ_18 /* ScrollableCanvas.swift */,
			);
			path = Canvas;
			sourceTree = "<group>";
		};
		OBJ_19 /* Data & Documents */ = {
			isa = PBXGroup;
			children = (
				OBJ_20 /* CanvasData.swift */,
				OBJ_21 /* DataExporter.swift */,
				OBJ_22 /* DataImporter.swift */,
				OBJ_23 /* DataObserver.swift */,
				OBJ_24 /* Document.swift */,
			);
			path = "Data & Documents";
			sourceTree = "<group>";
		};
		OBJ_25 /* Elements */ = {
			isa = PBXGroup;
			children = (
				OBJ_26 /* Chartlet.swift */,
				OBJ_27 /* LineStrip.swift */,
				OBJ_28 /* MLLine.swift */,
			);
			path = Elements;
			sourceTree = "<group>";
		};
		OBJ_29 /* Math & Utils */ = {
			isa = PBXGroup;
			children = (
				OBJ_30 /* BezierGenerator.swift */,
				OBJ_31 /* Maths.swift */,
				OBJ_32 /* PaintingGestureRecognizer.swift */,
				OBJ_33 /* Utils.swift */,
				OBJ_34 /* WeakObjectBox.swift */,
				0E0F0102237C133C00C3076D /* MetalLibrary.swift */,
			);
			path = "Math & Utils";
			sourceTree = "<group>";
		};
		OBJ_35 /* MetalBase */ = {
			isa = PBXGroup;
			children = (
				OBJ_36 /* MLColor.swift */,
				OBJ_37 /* MLError.swift */,
				OBJ_38 /* MLTexture.swift */,
				OBJ_39 /* MetalView.swift */,
				OBJ_40 /* RenderTarget.swift */,
				OBJ_41 /* SnapshotTarget.swift */,
			);
			path = MetalBase;
			sourceTree = "<group>";
		};
		OBJ_42 /* Tests */ = {
			isa = PBXGroup;
			children = (
			);
			name = Tests;
			sourceTree = SOURCE_ROOT;
		};
		OBJ_43 /* Products */ = {
			isa = PBXGroup;
			children = (
				"MaLiang::MaLiang::Product" /* MaLiang.framework */,
			);
			name = Products;
			sourceTree = BUILT_PRODUCTS_DIR;
		};
		OBJ_5 /*  */ = {
			isa = PBXGroup;
			children = (
				OBJ_6 /* Package.swift */,
				OBJ_7 /* Sources */,
				OBJ_42 /* Tests */,
				OBJ_43 /* Products */,
				OBJ_45 /* Images */,
				OBJ_46 /* Example */,
				OBJ_47 /* MaLiang */,
				OBJ_48 /* LICENSE */,
				OBJ_49 /* DONATE.md */,
				OBJ_50 /* README.md */,
				OBJ_51 /* MaLiang.podspec */,
			);
			name = "";
			sourceTree = "<group>";
		};
		OBJ_7 /* Sources */ = {
			isa = PBXGroup;
			children = (
				OBJ_8 /* MaLiang */,
			);
			name = Sources;
			sourceTree = SOURCE_ROOT;
		};
		OBJ_8 /* MaLiang */ = {
			isa = PBXGroup;
			children = (
				OBJ_9 /* Classes */,
			);
			path = MaLiang;
			sourceTree = SOURCE_ROOT;
		};
		OBJ_9 /* Classes */ = {
			isa = PBXGroup;
			children = (
				OBJ_10 /* Brush */,
				OBJ_15 /* Canvas */,
				OBJ_19 /* Data & Documents */,
				OBJ_25 /* Elements */,
				OBJ_29 /* Math & Utils */,
				OBJ_35 /* MetalBase */,
			);
			path = Classes;
			sourceTree = "<group>";
		};
/* End PBXGroup section */

/* Begin PBXNativeTarget section */
		"MaLiang::MaLiang" /* MaLiang */ = {
			isa = PBXNativeTarget;
			buildConfigurationList = OBJ_53 /* Build configuration list for PBXNativeTarget "MaLiang" */;
			buildPhases = (
				OBJ_56 /* Sources */,
				OBJ_83 /* Frameworks */,
			);
			buildRules = (
			);
			dependencies = (
			);
			name = MaLiang;
			productName = MaLiang;
			productReference = "MaLiang::MaLiang::Product" /* MaLiang.framework */;
			productType = "com.apple.product-type.framework";
		};
		"MaLiang::SwiftPMPackageDescription" /* MaLiangPackageDescription */ = {
			isa = PBXNativeTarget;
			buildConfigurationList = OBJ_85 /* Build configuration list for PBXNativeTarget "MaLiangPackageDescription" */;
			buildPhases = (
				OBJ_88 /* Sources */,
			);
			buildRules = (
			);
			dependencies = (
			);
			name = MaLiangPackageDescription;
			productName = MaLiangPackageDescription;
			productType = "com.apple.product-type.framework";
		};
/* End PBXNativeTarget section */

/* Begin PBXProject section */
		OBJ_1 /* Project object */ = {
			isa = PBXProject;
			attributes = {
				LastSwiftMigration = 9999;
				LastUpgradeCheck = 9999;
			};
			buildConfigurationList = OBJ_2 /* Build configuration list for PBXProject "MaLiang" */;
			compatibilityVersion = "Xcode 3.2";
			developmentRegion = en;
			hasScannedForEncodings = 0;
			knownRegions = (
				en,
			);
			mainGroup = OBJ_5 /*  */;
			productRefGroup = OBJ_43 /* Products */;
			projectDirPath = "";
			projectRoot = "";
			targets = (
				"MaLiang::MaLiang" /* MaLiang */,
				"MaLiang::SwiftPMPackageDescription" /* MaLiangPackageDescription */,
			);
		};
/* End PBXProject section */

/* Begin PBXSourcesBuildPhase section */
		OBJ_56 /* Sources */ = {
			isa = PBXSourcesBuildPhase;
			buildActionMask = 0;
			files = (
				OBJ_57 /* Brush.swift in Sources */,
				OBJ_58 /* Eraser.swift in Sources */,
				OBJ_59 /* GlowingBrush.swift in Sources */,
				OBJ_60 /* Printer.swift in Sources */,
				OBJ_61 /* ActionObserver.swift in Sources */,
				OBJ_62 /* Canvas.swift in Sources */,
				OBJ_63 /* ScrollableCanvas.swift in Sources */,
				OBJ_64 /* CanvasData.swift in Sources */,
				OBJ_65 /* DataExporter.swift in Sources */,
				OBJ_66 /* DataImporter.swift in Sources */,
				OBJ_67 /* DataObserver.swift in Sources */,
				OBJ_68 /* Document.swift in Sources */,
				OBJ_69 /* Chartlet.swift in Sources */,
				OBJ_70 /* LineStrip.swift in Sources */,
				OBJ_71 /* MLLine.swift in Sources */,
				OBJ_72 /* BezierGenerator.swift in Sources */,
				OBJ_73 /* Maths.swift in Sources */,
				OBJ_74 /* PaintingGestureRecognizer.swift in Sources */,
				OBJ_75 /* Utils.swift in Sources */,
				OBJ_76 /* WeakObjectBox.swift in Sources */,
				OBJ_77 /* MLColor.swift in Sources */,
				OBJ_78 /* MLError.swift in Sources */,
				OBJ_79 /* MLTexture.swift in Sources */,
				OBJ_80 /* MetalView.swift in Sources */,
				OBJ_81 /* RenderTarget.swift in Sources */,
				0E0F0103237C133C00C3076D /* MetalLibrary.swift in Sources */,
				OBJ_82 /* SnapshotTarget.swift in Sources */,
			);
			runOnlyForDeploymentPostprocessing = 0;
		};
		OBJ_88 /* Sources */ = {
			isa = PBXSourcesBuildPhase;
			buildActionMask = 0;
			files = (
				OBJ_89 /* Package.swift in Sources */,
			);
			runOnlyForDeploymentPostprocessing = 0;
		};
/* End PBXSourcesBuildPhase section */

/* Begin XCBuildConfiguration section */
		OBJ_3 /* Debug */ = {
			isa = XCBuildConfiguration;
			buildSettings = {
				CLANG_ENABLE_OBJC_ARC = YES;
				COMBINE_HIDPI_IMAGES = YES;
				COPY_PHASE_STRIP = NO;
				DEBUG_INFORMATION_FORMAT = dwarf;
				DYLIB_INSTALL_NAME_BASE = "@rpath";
				ENABLE_NS_ASSERTIONS = YES;
				GCC_OPTIMIZATION_LEVEL = 0;
				GCC_PREPROCESSOR_DEFINITIONS = (
					"$(inherited)",
					"SWIFT_PACKAGE=1",
					"DEBUG=1",
				);
				MACOSX_DEPLOYMENT_TARGET = 10.10;
				ONLY_ACTIVE_ARCH = YES;
				OTHER_SWIFT_FLAGS = "$(inherited) -DXcode";
				PRODUCT_NAME = "$(TARGET_NAME)";
				SDKROOT = macosx;
				SUPPORTED_PLATFORMS = "macosx iphoneos iphonesimulator appletvos appletvsimulator watchos watchsimulator";
				SWIFT_ACTIVE_COMPILATION_CONDITIONS = "$(inherited) SWIFT_PACKAGE DEBUG";
				SWIFT_OPTIMIZATION_LEVEL = "-Onone";
				USE_HEADERMAP = NO;
			};
			name = Debug;
		};
		OBJ_4 /* Release */ = {
			isa = XCBuildConfiguration;
			buildSettings = {
				CLANG_ENABLE_OBJC_ARC = YES;
				COMBINE_HIDPI_IMAGES = YES;
				COPY_PHASE_STRIP = YES;
				DEBUG_INFORMATION_FORMAT = "dwarf-with-dsym";
				DYLIB_INSTALL_NAME_BASE = "@rpath";
				GCC_OPTIMIZATION_LEVEL = s;
				GCC_PREPROCESSOR_DEFINITIONS = (
					"$(inherited)",
					"SWIFT_PACKAGE=1",
				);
				MACOSX_DEPLOYMENT_TARGET = 10.10;
				OTHER_SWIFT_FLAGS = "$(inherited) -DXcode";
				PRODUCT_NAME = "$(TARGET_NAME)";
				SDKROOT = macosx;
				SUPPORTED_PLATFORMS = "macosx iphoneos iphonesimulator appletvos appletvsimulator watchos watchsimulator";
				SWIFT_ACTIVE_COMPILATION_CONDITIONS = "$(inherited) SWIFT_PACKAGE";
				SWIFT_OPTIMIZATION_LEVEL = "-Owholemodule";
				USE_HEADERMAP = NO;
			};
			name = Release;
		};
		OBJ_54 /* Debug */ = {
			isa = XCBuildConfiguration;
			buildSettings = {
				ENABLE_TESTABILITY = YES;
				FRAMEWORK_SEARCH_PATHS = (
					"$(inherited)",
					"$(PLATFORM_DIR)/Developer/Library/Frameworks",
				);
				HEADER_SEARCH_PATHS = "$(inherited)";
				INFOPLIST_FILE = MaLiang.xcodeproj/MaLiang_Info.plist;
				IPHONEOS_DEPLOYMENT_TARGET = 8.0;
				LD_RUNPATH_SEARCH_PATHS = "$(inherited) $(TOOLCHAIN_DIR)/usr/lib/swift/macosx";
				MACOSX_DEPLOYMENT_TARGET = 10.10;
				OTHER_CFLAGS = "$(inherited)";
				OTHER_LDFLAGS = "$(inherited)";
				OTHER_SWIFT_FLAGS = "$(inherited)";
				PRODUCT_BUNDLE_IDENTIFIER = MaLiang;
				PRODUCT_MODULE_NAME = "$(TARGET_NAME:c99extidentifier)";
				PRODUCT_NAME = "$(TARGET_NAME:c99extidentifier)";
				SKIP_INSTALL = YES;
				SWIFT_ACTIVE_COMPILATION_CONDITIONS = "$(inherited)";
				SWIFT_VERSION = 5.0;
				TARGET_NAME = MaLiang;
				TVOS_DEPLOYMENT_TARGET = 9.0;
				WATCHOS_DEPLOYMENT_TARGET = 2.0;
			};
			name = Debug;
		};
		OBJ_55 /* Release */ = {
			isa = XCBuildConfiguration;
			buildSettings = {
				ENABLE_TESTABILITY = YES;
				FRAMEWORK_SEARCH_PATHS = (
					"$(inherited)",
					"$(PLATFORM_DIR)/Developer/Library/Frameworks",
				);
				HEADER_SEARCH_PATHS = "$(inherited)";
				INFOPLIST_FILE = MaLiang.xcodeproj/MaLiang_Info.plist;
				IPHONEOS_DEPLOYMENT_TARGET = 8.0;
				LD_RUNPATH_SEARCH_PATHS = "$(inherited) $(TOOLCHAIN_DIR)/usr/lib/swift/macosx";
				MACOSX_DEPLOYMENT_TARGET = 10.10;
				OTHER_CFLAGS = "$(inherited)";
				OTHER_LDFLAGS = "$(inherited)";
				OTHER_SWIFT_FLAGS = "$(inherited)";
				PRODUCT_BUNDLE_IDENTIFIER = MaLiang;
				PRODUCT_MODULE_NAME = "$(TARGET_NAME:c99extidentifier)";
				PRODUCT_NAME = "$(TARGET_NAME:c99extidentifier)";
				SKIP_INSTALL = YES;
				SWIFT_ACTIVE_COMPILATION_CONDITIONS = "$(inherited)";
				SWIFT_VERSION = 5.0;
				TARGET_NAME = MaLiang;
				TVOS_DEPLOYMENT_TARGET = 9.0;
				WATCHOS_DEPLOYMENT_TARGET = 2.0;
			};
			name = Release;
		};
		OBJ_86 /* Debug */ = {
			isa = XCBuildConfiguration;
			buildSettings = {
				LD = /usr/bin/true;
				OTHER_SWIFT_FLAGS = "-swift-version 5 -I $(TOOLCHAIN_DIR)/usr/lib/swift/pm/4_2 -target x86_64-apple-macosx10.10 -sdk /Users/sam.woolf/Downloads/Xcode.app/Contents/Developer/Platforms/MacOSX.platform/Developer/SDKs/MacOSX10.15.sdk -package-description-version 5.1";
				SWIFT_VERSION = 5.0;
			};
			name = Debug;
		};
		OBJ_87 /* Release */ = {
			isa = XCBuildConfiguration;
			buildSettings = {
				LD = /usr/bin/true;
				OTHER_SWIFT_FLAGS = "-swift-version 5 -I $(TOOLCHAIN_DIR)/usr/lib/swift/pm/4_2 -target x86_64-apple-macosx10.10 -sdk /Users/sam.woolf/Downloads/Xcode.app/Contents/Developer/Platforms/MacOSX.platform/Developer/SDKs/MacOSX10.15.sdk -package-description-version 5.1";
				SWIFT_VERSION = 5.0;
			};
			name = Release;
		};
/* End XCBuildConfiguration section */

/* Begin XCConfigurationList section */
		OBJ_2 /* Build configuration list for PBXProject "MaLiang" */ = {
			isa = XCConfigurationList;
			buildConfigurations = (
				OBJ_3 /* Debug */,
				OBJ_4 /* Release */,
			);
			defaultConfigurationIsVisible = 0;
			defaultConfigurationName = Release;
		};
		OBJ_53 /* Build configuration list for PBXNativeTarget "MaLiang" */ = {
			isa = XCConfigurationList;
			buildConfigurations = (
				OBJ_54 /* Debug */,
				OBJ_55 /* Release */,
			);
			defaultConfigurationIsVisible = 0;
			defaultConfigurationName = Release;
		};
		OBJ_85 /* Build configuration list for PBXNativeTarget "MaLiangPackageDescription" */ = {
			isa = XCConfigurationList;
			buildConfigurations = (
				OBJ_86 /* Debug */,
				OBJ_87 /* Release */,
			);
			defaultConfigurationIsVisible = 0;
			defaultConfigurationName = Release;
		};
/* End XCConfigurationList section */
	};
	rootObject = OBJ_1 /* Project object */;
}
